{
  "name": "sitecoretail",
  "version": "1.0.0",
  "lockfileVersion": 1,
  "requires": true,
  "dependencies": {
    "colors": {
      "version": "1.3.3",
      "resolved": "https://registry.npmjs.org/colors/-/colors-1.3.3.tgz",
      "integrity": "sha512-mmGt/1pZqYRjMxB1axhTo16/snVZ5krrKkcmMeVKxzECMMXoCgnvTPp10QgHfcbQZw8Dq2jMNG6je4JlWU0gWg==",
      "dev": true
    },
    "tail": {
      "version": "2.0.2",
      "resolved": "https://registry.npmjs.org/tail/-/tail-2.0.2.tgz",
      "integrity": "sha512-raFipiKWdGKEzxbvZwnhUGqjvsv0gpa/1A479rL//NOxnNwYZDN4MPk6xJJdUFs8P2Xrff3nbH5fcyYRLU4UHQ==",
      "dev": true
    }
  }
}
